<Solution>
  <Folder Name="/src/">
    <Project Path="src/Wslc.Testcontainers/Wslc.Testcontainers.csproj" />
    <Project Path="src/Wslc.Testcontainers.Modules.PostgreSql/Wslc.Testcontainers.Modules.PostgreSql.csproj" />
    <Project Path="src/Wslc.Testcontainers.Modules.Redis/Wslc.Testcontainers.Modules.Redis.csproj" />
    <Project Path="src/Wslc.Testcontainers.Modules.Valkey/Wslc.Testcontainers.Modules.Valkey.csproj" />
    <Project Path="src/Wslc.Testcontainers.Modules.MariaDb/Wslc.Testcontainers.Modules.MariaDb.csproj" />
    <Project Path="src/Wslc.Testcontainers.Modules.RabbitMq/Wslc.Testcontainers.Modules.RabbitMq.csproj" />
    <Project Path="src/Wslc.Testcontainers.Modules.MongoDb/Wslc.Testcontainers.Modules.MongoDb.csproj" />
    <Project Path="src/Wslc.Testcontainers.Modules.Nats/Wslc.Testcontainers.Modules.Nats.csproj" />
    <Project Path="src/Wslc.Testcontainers.Modules.MailPit/Wslc.Testcontainers.Modules.MailPit.csproj" />
    <Project Path="src/Wslc.Testcontainers.Modules.RustFs/Wslc.Testcontainers.Modules.RustFs.csproj" />
    <Project Path="src/Wslc.Testcontainers.Modules.WireMock/Wslc.Testcontainers.Modules.WireMock.csproj" />
    <Project Path="src/Wslc.Testcontainers.Modules.Qdrant/Wslc.Testcontainers.Modules.Qdrant.csproj" />
  </Folder>
  <Folder Name="/tests/">
    <Project Path="tests/Wslc.Testcontainers.Tests/Wslc.Testcontainers.Tests.csproj" />
    <Project Path="tests/Wslc.Testcontainers.Modules.Tests/Wslc.Testcontainers.Modules.Tests.csproj" />
  </Folder>
  <Folder Name="/examples/">
    <Project Path="examples/Quickstart/Quickstart.csproj" />
    <Project Path="examples/Postgres/Postgres.csproj" />
    <Project Path="examples/Postgres.Tests/Postgres.Tests.csproj" />
  </Folder>
</Solution>
